# This file is autogenerated, do not edit; changes may be undone by the next 'dep ensure'.


[[projects]]
  digest = "1:3e207ca2a6c682b3cbeb6514e894806d844e1800f58221f9b0ebe441d9f523be"
  name = "github.com/agnivade/levenshtein"
  packages = ["."]
  pruneopts = "UT"
  revision = "7e1bd15cf325b4a066ad9cc6d3788660372a1243"
  version = "v1.1.0"

[[projects]]
  digest = "1:2b83173478d5f006b65949e721d2611247fcd8eb656db5020ec613b0d16e6a8a"
  name = "github.com/gofiber/cors"
  packages = ["."]
  pruneopts = "UT"
  revision = "b316fcb5624d74b2864fb73277bfa5d0fcb9a8f9"
  version = "v0.2.1"

[[projects]]
  digest = "1:e8afeeb6fb7d8a315cbccf300af317cf5891c880cd6fdabca5e32f67351b7e80"
  name = "github.com/gofiber/fiber"
  packages = ["."]
  pruneopts = "UT"
  revision = "55d0fe1944023da00372c73ebfa84c18e56d5a96"
  version = "v1.13.0"

[[projects]]
  digest = "1:50e8d5fa9ad910a4cae4e4d7bd2790689b26d99c04ed482dd7215d8a8b8ddeed"
  name = "github.com/gofiber/utils"
  packages = [
    ".",
    "memory",
  ]
  pruneopts = "UT"
  revision = "99821683b97341b1784c16386c1ca4b673f230f5"
  version = "v0.0.9"

[[projects]]
  digest = "1:345ad428d03cc89fa5498d61383d0d7f39afbe8731ca135c0ec92782285121d3"
  name = "github.com/gorilla/schema"
  packages = ["."]
  pruneopts = "UT"
  revision = "124d17ef95858a10835ce95502446cb5a9e9f715"
  version = "v1.1.0"

[[projects]]
  digest = "1:6dbdb48005dbf5814c8a9ccf12fc25a4f1c2c19d6261815c5b16558fe489afe8"
  name = "github.com/klauspost/compress"
  packages = [
    "flate",
    "gzip",
    "zlib",
  ]
  pruneopts = "UT"
  revision = "a8f778f32d263b3a95d1e5a90534f5f680560abe"
  version = "v1.10.10"

[[projects]]
  digest = "1:53fdcc6cb976299b987ca544ee5f5cea5a2348051d9211604c96dfe3ba788ac7"
  name = "github.com/lib/pq"
  packages = [
    ".",
    "oid",
    "scram",
  ]
  pruneopts = "UT"
  revision = "8ae9eeaa02388a26cd5586023a0c4166c021a83d"
  version = "v1.7.0"

[[projects]]
  digest = "1:864f9b9a3bc9255934cbb5e94d5f761d726085894915403289fbae6fb3415f98"
  name = "github.com/mattn/go-colorable"
  packages = ["."]
  pruneopts = "UT"
  revision = "f6c00982823144337e56cdb71c712eaac151d29c"
  version = "v0.1.7"

[[projects]]
  digest = "1:0c58d31abe2a2ccb429c559b6292e7df89dcda675456fecc282fa90aa08273eb"
  name = "github.com/mattn/go-isatty"
  packages = ["."]
  pruneopts = "UT"
  revision = "7b513a986450394f7bbf1476909911b3aa3a55ce"
  version = "v0.0.12"

[[projects]]
  branch = "master"
  digest = "1:061958e35bd814b8105aa85d96d23cd99108843465f07e7bdf337f3efacb6dad"
  name = "github.com/texttheater/golang-levenshtein"
  packages = ["levenshtein"]
  pruneopts = "UT"
  revision = "eb6844b05fc6f7e10932b0621c7f5f7e8890541d"

[[projects]]
  digest = "1:c468422f334a6b46a19448ad59aaffdfc0a36b08fdcc1c749a0b29b6453d7e59"
  name = "github.com/valyala/bytebufferpool"
  packages = ["."]
  pruneopts = "UT"
  revision = "e746df99fe4a3986f4d4f79e13c1e0117ce9c2f7"
  version = "v1.0.0"

[[projects]]
  digest = "1:6301ec20b1f40ce8463de7ad70ce75e6dce197bae76cb129c2cfdf4ec53ca62a"
  name = "github.com/valyala/fasthttp"
  packages = [
    ".",
    "fasthttputil",
    "reuseport",
    "stackless",
  ]
  pruneopts = "UT"
  revision = "e5f51c11919d4f66400334047b897ef0a94c6f3c"
  version = "v20180529"

[[projects]]
  branch = "master"
  digest = "1:8507835fade46d48a94828b351e1f8fb83df1aa65ba1e67c9493b0a1b47abc73"
  name = "github.com/valyala/tcplisten"
  packages = ["."]
  pruneopts = "UT"
  revision = "ceec8f93295a060cdb565ec25e4ccf17941dbd55"

[[projects]]
  branch = "master"
  digest = "1:de18db9b6b884884bbb43eafaee3c72a06c8d4ac69d87411c52b5801a5e814f7"
  name = "golang.org/x/sys"
  packages = [
    "internal/unsafeheader",
    "unix",
  ]
  pruneopts = "UT"
  revision = "ddb9806d33aed8dbaac1cd6f1cba58952e87f933"

[solve-meta]
  analyzer-name = "dep"
  analyzer-version = 1
  input-imports = [
    "github.com/agnivade/levenshtein",
    "github.com/gofiber/cors",
    "github.com/gofiber/fiber",
    "github.com/lib/pq",
    "github.com/texttheater/golang-levenshtein/levenshtein",
  ]
  solver-name = "gps-cdcl"
  solver-version = 1
